
Microsoft Visual Studio Solution File, Format Version 12.00
# Visual Studio Version 16
VisualStudioVersion = 16.0.31321.278
MinimumVisualStudioVersion = 10.0.40219.1
Project("{FAE04EC0-301F-11D3-BF4B-00C04F79EFBC}") = "MEL_Dashboard", "MEL_Dashboard.csproj", "{2E16CD28-C873-4B76-AD26-1E2762861A10}"
EndProject
Project("{FAE04EC0-301F-11D3-BF4B-00C04F79EFBC}") = "BusinessLayer", "..\BusinessLayer\BusinessLayer.csproj", "{4DD2C863-81B4-4610-B144-E6A3F10AF999}"
EndProject
Project("{FAE04EC0-301F-11D3-BF4B-00C04F79EFBC}") = "RepositoryLayer", "..\RepositoryLayer\RepositoryLayer.csproj", "{4A143006-2EDC-48A2-B4D0-9866B924325A}"
EndProject
Project("{FAE04EC0-301F-11D3-BF4B-00C04F79EFBC}") = "Utilities", "..\Utilities\Utilities.csproj", "{BBCF43E6-3ED3-41AC-B0D9-CE3DA267A8F2}"
EndProject
Global
	GlobalSection(SolutionConfigurationPlatforms) = preSolution
		Debug|Any CPU = Debug|Any CPU
		Release|Any CPU = Release|Any CPU
	EndGlobalSection
	GlobalSection(ProjectConfigurationPlatforms) = postSolution
		{2E16CD28-C873-4B76-AD26-1E2762861A10}.Debug|Any CPU.ActiveCfg = Debug|Any CPU
		{2E16CD28-C873-4B76-AD26-1E2762861A10}.Debug|Any CPU.Build.0 = Debug|Any CPU
		{2E16CD28-C873-4B76-AD26-1E2762861A10}.Release|Any CPU.ActiveCfg = Release|Any CPU
		{2E16CD28-C873-4B76-AD26-1E2762861A10}.Release|Any CPU.Build.0 = Release|Any CPU
		{4DD2C863-81B4-4610-B144-E6A3F10AF999}.Debug|Any CPU.ActiveCfg = Debug|Any CPU
		{4DD2C863-81B4-4610-B144-E6A3F10AF999}.Debug|Any CPU.Build.0 = Debug|Any CPU
		{4DD2C863-81B4-4610-B144-E6A3F10AF999}.Release|Any CPU.ActiveCfg = Release|Any CPU
		{4DD2C863-81B4-4610-B144-E6A3F10AF999}.Release|Any CPU.Build.0 = Release|Any CPU
		{4A143006-2EDC-48A2-B4D0-9866B924325A}.Debug|Any CPU.ActiveCfg = Debug|Any CPU
		{4A143006-2EDC-48A2-B4D0-9866B924325A}.Debug|Any CPU.Build.0 = Debug|Any CPU
		{4A143006-2EDC-48A2-B4D0-9866B924325A}.Release|Any CPU.ActiveCfg = Release|Any CPU
		{4A143006-2EDC-48A2-B4D0-9866B924325A}.Release|Any CPU.Build.0 = Release|Any CPU
		{BBCF43E6-3ED3-41AC-B0D9-CE3DA267A8F2}.Debug|Any CPU.ActiveCfg = Debug|Any CPU
		{BBCF43E6-3ED3-41AC-B0D9-CE3DA267A8F2}.Debug|Any CPU.Build.0 = Debug|Any CPU
		{BBCF43E6-3ED3-41AC-B0D9-CE3DA267A8F2}.Release|Any CPU.ActiveCfg = Release|Any CPU
		{BBCF43E6-3ED3-41AC-B0D9-CE3DA267A8F2}.Release|Any CPU.Build.0 = Release|Any CPU
	EndGlobalSection
	GlobalSection(SolutionProperties) = preSolution
		HideSolutionNode = FALSE
	EndGlobalSection
	GlobalSection(ExtensibilityGlobals) = postSolution
		SolutionGuid = {C9C16C18-3D72-45ED-B251-DB24769BA75F}
	EndGlobalSection
EndGlobal
